
Microsoft Visual Studio Solution File, Format Version 12.00
# Visual Studio 14
VisualStudioVersion = 14.0.25420.1
MinimumVisualStudioVersion = 10.0.40219.1
Project("{FAE04EC0-301F-11D3-BF4B-00C04F79EFBC}") = "Countries.Portable", "Countries.Portable\Countries.Portable.csproj", "{7F4C3E8A-BD83-4A5E-8D0E-4203F71E06DC}"
EndProject
Project("{FAE04EC0-301F-11D3-BF4B-00C04F79EFBC}") = "Countries", "Countries\Countries.csproj", "{E99BFF5B-3908-46A0-B139-2432EDDDC6BB}"
EndProject
Project("{8BB2217D-0F2D-49D1-97BC-3654ED321F3B}") = "Countries.Core", "Countries.Core\Countries.Core.xproj", "{761DC220-60CD-45A3-9535-4B8569962BBC}"
EndProject
Global
	GlobalSection(SolutionConfigurationPlatforms) = preSolution
		Debug|Any CPU = Debug|Any CPU
		Release|Any CPU = Release|Any CPU
	EndGlobalSection
	GlobalSection(ProjectConfigurationPlatforms) = postSolution
		{7F4C3E8A-BD83-4A5E-8D0E-4203F71E06DC}.Debug|Any CPU.ActiveCfg = Debug|Any CPU
		{7F4C3E8A-BD83-4A5E-8D0E-4203F71E06DC}.Debug|Any CPU.Build.0 = Debug|Any CPU
		{7F4C3E8A-BD83-4A5E-8D0E-4203F71E06DC}.Release|Any CPU.ActiveCfg = Release|Any CPU
		{7F4C3E8A-BD83-4A5E-8D0E-4203F71E06DC}.Release|Any CPU.Build.0 = Release|Any CPU
		{E99BFF5B-3908-46A0-B139-2432EDDDC6BB}.Debug|Any CPU.ActiveCfg = Debug|Any CPU
		{E99BFF5B-3908-46A0-B139-2432EDDDC6BB}.Debug|Any CPU.Build.0 = Debug|Any CPU
		{E99BFF5B-3908-46A0-B139-2432EDDDC6BB}.Release|Any CPU.ActiveCfg = Release|Any CPU
		{E99BFF5B-3908-46A0-B139-2432EDDDC6BB}.Release|Any CPU.Build.0 = Release|Any CPU
		{761DC220-60CD-45A3-9535-4B8569962BBC}.Debug|Any CPU.ActiveCfg = Debug|Any CPU
		{761DC220-60CD-45A3-9535-4B8569962BBC}.Debug|Any CPU.Build.0 = Debug|Any CPU
		{761DC220-60CD-45A3-9535-4B8569962BBC}.Release|Any CPU.ActiveCfg = Release|Any CPU
		{761DC220-60CD-45A3-9535-4B8569962BBC}.Release|Any CPU.Build.0 = Release|Any CPU
	EndGlobalSection
	GlobalSection(SolutionProperties) = preSolution
		HideSolutionNode = FALSE
	EndGlobalSection
EndGlobal
